<Solution>
  <Folder Name="/Solution Items/">
    <File Path=".editorconfig" />
    <File Path=".gitignore" />
    <File Path="Directory.Build.props" />
    <File Path="nuget.config" />
    <File Path="README.md" />
  </Folder>
  <Folder Name="/Solution Items/docs/">
    <File Path="docs/CK-AppIdentity.pptx" />
  </Folder>
  <Folder Name="/Tests/">
    <Project Path="Tests/CK.AppIdentity.BlobChannel.Tests/CK.AppIdentity.BlobChannel.Tests.csproj" />
    <Project Path="Tests/CK.AppIdentity.Cris.Tests/CK.AppIdentity.Cris.Tests.csproj" />
    <Project Path="Tests/CK.AppIdentity.MutualTls.Tests/CK.AppIdentity.MutualTls.Tests.csproj" />
    <Project Path="Tests/CK.AppIdentity.TransportLayer.Tests/CK.AppIdentity.TransportLayer.Tests.csproj" />
    <Project Path="Tests/CK.DB.AppIdentity.Tests/CK.DB.AppIdentity.Tests.csproj" />
  </Folder>
  <Project Path="CK.AppIdentity.BlobChannel/CK.AppIdentity.BlobChannel.csproj" />
  <Project Path="CK.AppIdentity.Cris.AuthCenter/CK.AppIdentity.Cris.AuthCenter.csproj" Id="40d06d04-c068-44e9-9025-efce9b0b6e96" />
  <Project Path="CK.Testing.AppIdentity.Cris/CK.Testing.AppIdentity.Cris.csproj" Id="8f415832-aeaf-4570-823e-2d2dde2100e2" />
  <Project Path="CK.AppIdentity.Cris/CK.AppIdentity.Cris.csproj" />
  <Project Path="CK.AppIdentity.KeyManagement/CK.AppIdentity.KeyManagement.csproj" />
  <Project Path="CK.AppIdentity.Transport.MutualTls/CK.AppIdentity.Transport.MutualTls.csproj" />
  <Project Path="CK.Testing.AppIdentity.TransportLayer/CK.Testing.AppIdentity.TransportLayer.csproj" />
  <Project Path="CK.AppIdentity.TransportLayer/CK.AppIdentity.TransportLayer.csproj" />
  <Project Path="CK.DB.AppIdentity/CK.DB.AppIdentity.csproj" />
</Solution>